{
  "name": "agent-card-scanner-core",
  "version": "0.5.1",
  "lockfileVersion": 3,
  "requires": true,
  "packages": {
    "": {
      "name": "agent-card-scanner-core",
      "version": "0.5.1",
      "license": "Apache-2.0",
      "bin": {
        "agent-card-scanner": "src/cli.mjs"
      },
      "engines": {
        "node": ">=22"
      }
    }
  }
}
